cloud.google.com/go v0.26.0 h1:e0WKqKTd5BnrG8aKH3J3h+QvEIQtSUcf2n5UZ5ZgLtQ=
cloud.google.com/go v0.26.0/go.mod h1:aQUYkXzVsufM+DwF1aE+0xfcU+56JwCaLick0ClmMTw=
github.com/BurntSushi/toml v0.3.1 h1:WXkYYl6Yr3qBf1K79EBnL4mak0OimBfB0XUf9Vl28OQ=
github.com/BurntSushi/toml v0.3.1/go.mod h1:xHWCNGjB5oqiDr8zfno3MHue2Ht5sIBksp03qcyfWMU=
github.com/Shopify/sarama v1.19.0 h1:9oksLxC6uxVPHPVYUmq6xhr1BOF/hHobWH2UzO67z1s=
github.com/Shopify/sarama v1.19.0/go.mod h1:FVkBWblsNy7DGZRfXLU0O9RCGt5g3g3yEuWXgklEdEo=
github.com/Shopify/toxiproxy v2.1.3+incompatible h1:awiJqUYH4q4OmoBiRccJykjd7B+w0loJi2keSna4X/M=
github.com/Shopify/toxiproxy v2.1.3+incompatible/go.mod h1:OXgGpZ6Cli1/URJOF1DMxUHB2q5Ap20/P/eIdh4G0pI=
github.com/client9/misspell v0.3.4/go.mod h1:qj6jICC3Q7zFZvVWo7KLAzC3yx5G7kyvSDkc90ppPyw=
github.com/davecgh/go-spew v1.1.0/go.mod h1:J7Y8YcW2NihsgmVo/mv3lAwl/skON4iLHjSsI+c5H38=
github.com/davecgh/go-spew v1.1.1 h1:vj9j/u1bqnvCEfJOwUhtlOARqs3+rkHYY13jYWTU97c=
github.com/davecgh/go-spew v1.1.1/go.mod h1:J7Y8YcW2NihsgmVo/mv3lAwl/skON4iLHjSsI+c5H38=
github.com/denisenkom/go-mssqldb v0.0.0-20181014144952-4e0d7dc8888f h1:WH0w/R4Yoey+04HhFxqZ6VX6I0d7RMyw5aXQ9UTvQPs=
github.com/denisenkom/go-mssqldb v0.0.0-20181014144952-4e0d7dc8888f/go.mod h1:xN/JuLBIz4bjkxNmByTiV1IbhfnYb6oo99phBn4Eqhc=
github.com/eapache/go-resiliency v1.1.0 h1:1NtRmCAqadE2FN4ZcN6g90TP3uk8cg9rn9eNK2197aU=
github.com/eapache/go-resiliency v1.1.0/go.mod h1:kFI+JgMyC7bLPUVY133qvEBtVayf5mFgVsvEsIPBvNs=
github.com/eapache/go-xerial-snappy v0.0.0-20180814174437-776d5712da21 h1:YEetp8/yCZMuEPMUDHG0CW/brkkEp8mzqk2+ODEitlw=
github.com/eapache/go-xerial-snappy v0.0.0-20180814174437-776d5712da21/go.mod h1:+020luEh2TKB4/GOp8oxxtq0Daoen/Cii55CzbTV6DU=
github.com/eapache/queue v1.1.0 h1:YOEu7KNc61ntiQlcEeUIoDTJ2o8mQznoNvUhiigpIqc=
github.com/eapache/queue v1.1.0/go.mod h1:6eCeP0CKFpHLu8blIFXhExK/dRa7WDZfr6jVFPTqq+I=
github.com/erikstmartin/go-testdb v0.0.0-20160219214506-8d10e4a1bae5 h1:Yzb9+7DPaBjB8zlTR87/ElzFsnQfuHnVUVqpZZIcV5Y=
github.com/erikstmartin/go-testdb v0.0.0-20160219214506-8d10e4a1bae5/go.mod h1:a2zkGnVExMxdzMo3M0Hi/3sEU+cWnZpSni0O6/Yb/P0=
github.com/fsnotify/fsnotify v1.4.7 h1:IXs+QLmnXW2CcXuY+8Mzv/fWEsPGWxqefPtCP5CnV9I=
github.com/fsnotify/fsnotify v1.4.7/go.mod h1:jwhsz4b93w/PPRr/qN1Yymfu8t87LnFCMoQvtojpjFo=
github.com/go-sql-driver/mysql v1.4.0 h1:7LxgVwFb2hIQtMm87NdgAVfXjnt4OePseqT1tKx+opk=
github.com/go-sql-driver/mysql v1.4.0/go.mod h1:zAC/RDZ24gD3HViQzih4MyKcchzm+sOG5ZlKdlhCg5w=
github.com/golang/glog v0.0.0-20160126235308-23def4e6c14b h1:VKtxabqXZkF25pY9ekfRL6a582T4P37/31XEstQ5p58=
github.com/golang/glog v0.0.0-20160126235308-23def4e6c14b/go.mod h1:SBH7ygxi8pfUlaOkMMuAQtPIUF8ecWP5IEl/CR7VP2Q=
github.com/golang/lint v0.0.0-20180702182130-06c8688daad7/go.mod h1:tluoj9z5200jBnyusfRPU2LqT6J+DAorxEvtC7LHB+E=
github.com/golang/mock v1.1.1/go.mod h1:oTYuIxOrZwtPieC+H1uAHpcLFnEyAGVDL/k47Jfbm0A=
github.com/golang/protobuf v1.2.0 h1:P3YflyNX/ehuJFLhxviNdFxQPkGK5cDcApsge1SqnvM=
github.com/golang/protobuf v1.2.0/go.mod h1:6lQm79b+lXiMfvg/cZm0SGofjICqVBUtrP5yJMmIC1U=
github.com/golang/snappy v0.0.0-20180518054509-2e65f85255db h1:woRePGFeVFfLKN/pOkfl+p/TAqKOfFu+7KPlMVpok/w=
github.com/golang/snappy v0.0.0-20180518054509-2e65f85255db/go.mod h1:/XxbfmMg8lxefKM7IXC3fBNl/7bRcc72aCRzEWrmP2Q=
github.com/google/go-cmp v0.2.0 h1:+dTQ8DZQJz0Mb/HjFlkptS1FeQ4cWSnN941F8aEG4SQ=
github.com/google/go-cmp v0.2.0/go.mod h1:oXzfMopK8JAjlY9xF4vHSVASa0yLyX7SntLO5aqRK0M=
github.com/google/uuid v1.0.0 h1:b4Gk+7WdP/d3HZH8EJsZpvV7EtDOgaZLtnaNGIu1adA=
github.com/google/uuid v1.0.0/go.mod h1:TIyPZe4MgqvfeYDBFedMoGGpEw/LqOeaOT+nhxU+yHo=
github.com/hashicorp/hcl v1.0.0 h1:0Anlzjpi4vEasTeNFn2mLJgTSwt0+6sfsiTG8qcWGx4=
github.com/hashicorp/hcl v1.0.0/go.mod h1:E5yfLk+7swimpb2L/Alb/PJmXilQ/rhwaUYs4T20WEQ=
github.com/imdario/mergo v0.3.6 h1:xTNEAn+kxVO7dTZGu0CegyqKZmoWFI0rF8UxjlB2d28=
github.com/imdario/mergo v0.3.6/go.mod h1:2EnlNZ0deacrJVfApfmtdGgDfMuh/nq6Ok1EcJh5FfA=
github.com/infinimesh/mqtt-go v0.0.0-20181101213858-3f3e18eb0846 h1:j7IPoSssTCTzwaeXZRrYeue7hqavY1D7RZxA4av66eg=
github.com/infinimesh/mqtt-go v0.0.0-20181101213858-3f3e18eb0846/go.mod h1:NqGcsGR40ZGfBgLreBUOXIXe734K7/51QJbA3YxSijE=
github.com/jinzhu/gorm v1.9.1 h1:lDSDtsCt5AGGSKTs8AHlSDbbgif4G4+CKJ8ETBDVHTA=
github.com/jinzhu/gorm v1.9.1/go.mod h1:Vla75njaFJ8clLU1W44h34PjIkijhjHIYnZxMqCdxqo=
github.com/jinzhu/inflection v0.0.0-20180308033659-04140366298a h1:eeaG9XMUvRBYXJi4pg1ZKM7nxc5AfXfojeLLW7O5J3k=
github.com/jinzhu/inflection v0.0.0-20180308033659-04140366298a/go.mod h1:h+uFLlag+Qp1Va5pdKtLDYj+kHp5pxUVkryuEj+Srlc=
github.com/jinzhu/now v0.0.0-20180511015916-ed742868f2ae h1:8bBMcboXYVuo0WYH+rPe5mB8obO89a993hdTZ3phTjc=
github.com/jinzhu/now v0.0.0-20180511015916-ed742868f2ae/go.mod h1:oHTiXerJ20+SfYcrdlBO7rzZRJWGwSTQ0iUY2jI6Gfc=
github.com/julienschmidt/httprouter v1.2.0 h1:TDTW5Yz1mjftljbcKqRcrYhd4XeOoI98t+9HbQbYf7g=
github.com/julienschmidt/httprouter v1.2.0/go.mod h1:SYymIcj16QtmaHHD7aYtjjsJG7VTCxuUUipMqKk8s4w=
github.com/kisielk/gotool v1.0.0/go.mod h1:XhKaO+MFFWcvkIS/tQcRk01m1F5IRFswLeQ+oQHNcck=
github.com/lib/pq v1.0.0 h1:X5PMW56eZitiTeO7tKzZxFCSpbFZJtkMMooicw2us9A=
github.com/lib/pq v1.0.0/go.mod h1:5WUZQaWbwv1U+lTReE5YruASi9Al49XbQIvNi/34Woo=
github.com/magiconair/properties v1.8.0 h1:LLgXmsheXeRoUOBOjtwPQCWIYqM/LU1ayDtDePerRcY=
github.com/magiconair/properties v1.8.0/go.mod h1:PppfXfuXeibc/6YijjN8zIbojt8czPbwD3XqdrwzmxQ=
github.com/mattn/go-sqlite3 v1.10.0 h1:jbhqpg7tQe4SupckyijYiy0mJJ/pRyHvXf7JdWK860o=
github.com/mattn/go-sqlite3 v1.10.0/go.mod h1:FPy6KqzDD04eiIsT53CuJW3U88zkxoIYsOqkbpncsNc=
github.com/mitchellh/mapstructure v1.0.0 h1:vVpGvMXJPqSDh2VYHF7gsfQj8Ncx+Xw5Y1KHeTRY+7I=
github.com/mitchellh/mapstructure v1.0.0/go.mod h1:FVVH3fgwuzCH5S8UJGiWEs2h04kUh9fWfEaFds41c1Y=
github.com/pelletier/go-toml v1.2.0 h1:T5zMGML61Wp+FlcbWjRDT7yAxhJNAiPPLOFECq181zc=
github.com/pelletier/go-toml v1.2.0/go.mod h1:5z9KED0ma1S8pY6P1sdut58dfprrGBbd/94hg7ilaic=
github.com/pierrec/lz4 v2.0.5+incompatible h1:2xWsjqPFWcplujydGg4WmhC/6fZqK42wMM8aXeqhl0I=
github.com/pierrec/lz4 v2.0.5+incompatible/go.mod h1:pdkljMzZIN41W+lC3N2tnIh5sFi+IEE17M5jbnwPHcY=
github.com/pmezard/go-difflib v1.0.0 h1:4DBwDE0NGyQoBHbLQYPwSUPoCMWR5BEzIk/f1lZbAQM=
github.com/pmezard/go-difflib v1.0.0/go.mod h1:iKH77koFhYxTK1pcRnkKkqfTogsbg7gZNVY4sRDYZ/4=
github.com/rcrowley/go-metrics v0.0.0-20181016184325-3113b8401b8a h1:9ZKAASQSHhDYGoxY8uLVpewe1GDZ2vu2Tr/vTdVAkFQ=
github.com/rcrowley/go-metrics v0.0.0-20181016184325-3113b8401b8a/go.mod h1:bCqnVzQkZxMG4s8nGwiZ5l3QUCyqpo9Y+/ZMZ9VjZe4=
github.com/spf13/afero v1.1.2 h1:m8/z1t7/fwjysjQRYbP0RD+bUIF/8tJwPdEZsI83ACI=
github.com/spf13/afero v1.1.2/go.mod h1:j4pytiNVoe2o6bmDsKpLACNPDBIoEAkihy7loJ1B0CQ=
github.com/spf13/cast v1.2.0 h1:HHl1DSRbEQN2i8tJmtS6ViPyHx35+p51amrdsiTCrkg=
github.com/spf13/cast v1.2.0/go.mod h1:r2rcYCSwa1IExKTDiTfzaxqT2FNHs8hODu4LnUfgKEg=
github.com/spf13/jwalterweatherman v1.0.0 h1:XHEdyB+EcvlqZamSM4ZOMGlc93t6AcsBEu9Gc1vn7yk=
github.com/spf13/jwalterweatherman v1.0.0/go.mod h1:cQK4TGJAtQXfYWX+Ddv3mKDzgVb68N+wFjFa4jdeBTo=
github.com/spf13/pflag v1.0.2 h1:Fy0orTDgHdbnzHcsOgfCN4LtHf0ec3wwtiwJqwvf3Gc=
github.com/spf13/pflag v1.0.2/go.mod h1:DYY7MBk1bdzusC3SYhjObp+wFpr4gzcvqqNjLnInEg4=
github.com/spf13/viper v1.2.1 h1:bIcUwXqLseLF3BDAZduuNfekWG87ibtFxi59Bq+oI9M=
github.com/spf13/viper v1.2.1/go.mod h1:P4AexN0a+C9tGAnUFNwDMYYZv3pjFuvmeiMyKRaNVlI=
github.com/stretchr/testify v1.2.2 h1:bSDNvY7ZPG5RlJ8otE/7V6gMiyenm9RtJ7IUVIAoJ1w=
github.com/stretchr/testify v1.2.2/go.mod h1:a8OnRcib4nhh0OaRAV+Yts87kKdq0PP7pXfy6kDkUVs=
github.com/yosssi/gmq v0.0.1 h1:GhlDVaAQoi3Mvjul/qJXXGfL4JBeE0GQwbWp3eIsja8=
github.com/yosssi/gmq v0.0.1/go.mod h1:mReykazh0U1JabvuWh1PEbzzJftqOQWsjr0Lwg5jL1Y=
golang.org/x/crypto v0.0.0-20181030102418-4d3f4d9ffa16 h1:y6ce7gCWtnH+m3dCjzQ1PCuwl28DDIc3VNnvY29DlIA=
golang.org/x/crypto v0.0.0-20181030102418-4d3f4d9ffa16/go.mod h1:6SG95UA2DQfeDnfUPMdvaQW0Q7yPrPDi9nlGo2tz2b4=
golang.org/x/lint v0.0.0-20180702182130-06c8688daad7/go.mod h1:UVdnD1Gm6xHRNCYTkRU2/jEulfH38KcIWyp/GAMgvoE=
golang.org/x/net v0.0.0-20180826012351-8a410e7b638d/go.mod h1:mL1N/T3taQHkDXs73rZJwtUhF3w3ftmwwsq0BUmARs4=
golang.org/x/net v0.0.0-20181101160248-e11730110bbd h1:CUahYPsNPTOh4Ug1YYwt0fqZMOoOvbbHnwrXTStpWzQ=
golang.org/x/net v0.0.0-20181101160248-e11730110bbd/go.mod h1:mL1N/T3taQHkDXs73rZJwtUhF3w3ftmwwsq0BUmARs4=
golang.org/x/oauth2 v0.0.0-20180821212333-d2e6202438be/go.mod h1:N/0e6XlmueqKjAGxoOufVs8QHGRruUQn6yWY3a++T0U=
golang.org/x/sync v0.0.0-20180314180146-1d60e4601c6f h1:wMNYb4v58l5UBM7MYRLPG6ZhfOqbKu7X5eyFl8ZhKvA=
golang.org/x/sync v0.0.0-20180314180146-1d60e4601c6f/go.mod h1:RxMgew5VJxzue5/jJTE5uejpjVlOe/izrB70Jof72aM=
golang.org/x/sys v0.0.0-20180830151530-49385e6e1522/go.mod h1:STP8DvDyc/dI5b8T5hshtkjS+E42TnysNCUPdjciGhY=
golang.org/x/sys v0.0.0-20180906133057-8cf3aee42992 h1:BH3eQWeGbwRU2+wxxuuPOdFBmaiBH81O8BugSjHeTFg=
golang.org/x/sys v0.0.0-20180906133057-8cf3aee42992/go.mod h1:STP8DvDyc/dI5b8T5hshtkjS+E42TnysNCUPdjciGhY=
golang.org/x/text v0.3.0 h1:g61tztE5qeGQ89tm6NTjjM9VPIm088od1l6aSorWRWg=
golang.org/x/text v0.3.0/go.mod h1:NqM8EUOU14njkJ3fqMW+pc6Ldnwhi/IjpwHt7yyuwOQ=
golang.org/x/tools v0.0.0-20180828015842-6cd1fcedba52/go.mod h1:n7NCudcB/nEzxVGmLbDWY5pfWTLqBcC2KZ6jyYvM4mQ=
google.golang.org/appengine v1.1.0 h1:igQkv0AAhEIvTEpD5LIpAfav2eeVO9HBTjvKHVJPRSs=
google.golang.org/appengine v1.1.0/go.mod h1:EbEs0AVv82hx2wNQdGPgUI5lhzA/G0D9YwlJXL52JkM=
google.golang.org/genproto v0.0.0-20180817151627-c66870c02cf8 h1:Nw54tB0rB7hY/N0NQvRW8DG4Yk3Q6T9cu9RcFQDu1tc=
google.golang.org/genproto v0.0.0-20180817151627-c66870c02cf8/go.mod h1:JiN7NxoALGmiZfu7CAH4rXhgtRTLTxftemlI0sWmxmc=
google.golang.org/grpc v1.16.0 h1:dz5IJGuC2BB7qXR5AyHNwAUBhZscK2xVez7mznh72sY=
google.golang.org/grpc v1.16.0/go.mod h1:0JHn/cJsOMiMfNA9+DeHDlAU7KAAB5GDlYFpa9MZMio=
gopkg.in/check.v1 v0.0.0-20161208181325-20d25e280405 h1:yhCVgyC4o1eVCa2tZl7eS0r+SDo693bJlVdllGtEeKM=
gopkg.in/check.v1 v0.0.0-20161208181325-20d25e280405/go.mod h1:Co6ibVJAznAaIkqp8huTwlJQCZ016jof/cbN4VW5Yz0=
gopkg.in/yaml.v2 v2.2.1 h1:mUhvW9EsL+naU5Q3cakzfE91YhliOondGd6ZrsDBHQE=
gopkg.in/yaml.v2 v2.2.1/go.mod h1:hI93XBmqTisBFMUTm0b8Fm+jr3Dg1NNxqwp+5A1VGuI=
honnef.co/go/tools v0.0.0-20180728063816-88497007e858/go.mod h1:rf3lG4BRIbNafJWhAfAdb/ePZxsR/4RtNHQocxwk9r4=
